
Microsoft Visual Studio Solution File, Format Version 12.00
# Visual Studio Version 17
VisualStudioVersion = 17.5.33530.505
MinimumVisualStudioVersion = 10.0.40219.1
Project("{FAE04EC0-301F-11D3-BF4B-00C04F79EFBC}") = "LoginNET", "LoginNET.csproj", "{D43B6848-F6C1-4E83-913A-923450484A8A}"
EndProject
Global
	GlobalSection(SolutionConfigurationPlatforms) = preSolution
		Debug|Any CPU = Debug|Any CPU
		Release|Any CPU = Release|Any CPU
	EndGlobalSection
	GlobalSection(ProjectConfigurationPlatforms) = postSolution
		{D43B6848-F6C1-4E83-913A-923450484A8A}.Debug|Any CPU.ActiveCfg = Debug|Any CPU
		{D43B6848-F6C1-4E83-913A-923450484A8A}.Debug|Any CPU.Build.0 = Debug|Any CPU
		{D43B6848-F6C1-4E83-913A-923450484A8A}.Release|Any CPU.ActiveCfg = Release|Any CPU
		{D43B6848-F6C1-4E83-913A-923450484A8A}.Release|Any CPU.Build.0 = Release|Any CPU
	EndGlobalSection
	GlobalSection(SolutionProperties) = preSolution
		HideSolutionNode = FALSE
	EndGlobalSection
	GlobalSection(ExtensibilityGlobals) = postSolution
		SolutionGuid = {50B190B4-AF25-4497-ACD7-F91D852ABEBC}
	EndGlobalSection
EndGlobal
